#MicroXplorer Configuration settings - do not modify
ADC1.Channel-4\#ChannelRegularConversion=ADC_CHANNEL_3
ADC1.ClockPrescaler=ADC_CLOCK_SYNC_PCLK_DIV2
ADC1.ContinuousConvMode=DISABLE
ADC1.DMAContinuousRequests=DISABLE
ADC1.DataAlign=ADC_DATAALIGN_RIGHT
ADC1.DiscontinuousConvMode=DISABLE
ADC1.EOCSelection=ADC_EOC_SINGLE_CONV
ADC1.EnableAnalogWatchDog=true
ADC1.ExternalTrigConvEdge=ADC_EXTERNALTRIGCONVEDGE_NONE
ADC1.HighThreshold=2300
ADC1.IPParameters=Rank-4\#ChannelRegularConversion,Channel-4\#ChannelRegularConversion,SamplingTime-4\#ChannelRegularConversion,NbrOfConversionFlag,master,EnableAnalogWatchDog,WatchdogChannel,HighThreshold,LowThreshold,ITMode,ClockPrescaler,Resolution,DataAlign,ScanConvMode,ContinuousConvMode,DiscontinuousConvMode,DMAContinuousRequests,EOCSelection,NbrOfConversion,ExternalTrigConvEdge,InjNumberOfConversion,WatchdogMode
ADC1.ITMode=ENABLE
ADC1.InjNumberOfConversion=0
ADC1.LowThreshold=2100
ADC1.NbrOfConversion=1
ADC1.NbrOfConversionFlag=1
ADC1.Rank-4\#ChannelRegularConversion=1
ADC1.Resolution=ADC_RESOLUTION_12B
ADC1.SamplingTime-4\#ChannelRegularConversion=ADC_SAMPLETIME_3CYCLES
ADC1.ScanConvMode=DISABLE
ADC1.WatchdogChannel=ADC_CHANNEL_3
ADC1.WatchdogMode=ADC_ANALOGWATCHDOG_SINGLE_REG
ADC1.master=1
Dma.I2C2_RX.0.Direction=DMA_PERIPH_TO_MEMORY
Dma.I2C2_RX.0.FIFOMode=DMA_FIFOMODE_DISABLE
Dma.I2C2_RX.0.Instance=DMA1_Stream3
Dma.I2C2_RX.0.MemDataAlignment=DMA_MDATAALIGN_BYTE
Dma.I2C2_RX.0.MemInc=DMA_MINC_ENABLE
Dma.I2C2_RX.0.Mode=DMA_NORMAL
Dma.I2C2_RX.0.PeriphDataAlignment=DMA_PDATAALIGN_BYTE
Dma.I2C2_RX.0.PeriphInc=DMA_PINC_DISABLE
Dma.I2C2_RX.0.Priority=DMA_PRIORITY_VERY_HIGH
Dma.I2C2_RX.0.RequestParameters=Instance,Direction,PeriphInc,MemInc,PeriphDataAlignment,MemDataAlignment,Mode,Priority,FIFOMode
Dma.I2C2_TX.1.Direction=DMA_MEMORY_TO_PERIPH
Dma.I2C2_TX.1.FIFOMode=DMA_FIFOMODE_DISABLE
Dma.I2C2_TX.1.Instance=DMA1_Stream7
Dma.I2C2_TX.1.MemDataAlignment=DMA_MDATAALIGN_BYTE
Dma.I2C2_TX.1.MemInc=DMA_MINC_ENABLE
Dma.I2C2_TX.1.Mode=DMA_NORMAL
Dma.I2C2_TX.1.PeriphDataAlignment=DMA_PDATAALIGN_BYTE
Dma.I2C2_TX.1.PeriphInc=DMA_PINC_DISABLE
Dma.I2C2_TX.1.Priority=DMA_PRIORITY_VERY_HIGH
Dma.I2C2_TX.1.RequestParameters=Instance,Direction,PeriphInc,MemInc,PeriphDataAlignment,MemDataAlignment,Mode,Priority,FIFOMode
Dma.I2C3_RX.2.Direction=DMA_PERIPH_TO_MEMORY
Dma.I2C3_RX.2.FIFOMode=DMA_FIFOMODE_DISABLE
Dma.I2C3_RX.2.Instance=DMA1_Stream2
Dma.I2C3_RX.2.MemDataAlignment=DMA_MDATAALIGN_BYTE
Dma.I2C3_RX.2.MemInc=DMA_MINC_ENABLE
Dma.I2C3_RX.2.Mode=DMA_NORMAL
Dma.I2C3_RX.2.PeriphDataAlignment=DMA_PDATAALIGN_BYTE
Dma.I2C3_RX.2.PeriphInc=DMA_PINC_DISABLE
Dma.I2C3_RX.2.Priority=DMA_PRIORITY_HIGH
Dma.I2C3_RX.2.RequestParameters=Instance,Direction,PeriphInc,MemInc,PeriphDataAlignment,MemDataAlignment,Mode,Priority,FIFOMode
Dma.I2C3_TX.3.Direction=DMA_MEMORY_TO_PERIPH
Dma.I2C3_TX.3.FIFOMode=DMA_FIFOMODE_DISABLE
Dma.I2C3_TX.3.Instance=DMA1_Stream4
Dma.I2C3_TX.3.MemDataAlignment=DMA_MDATAALIGN_BYTE
Dma.I2C3_TX.3.MemInc=DMA_MINC_ENABLE
Dma.I2C3_TX.3.Mode=DMA_NORMAL
Dma.I2C3_TX.3.PeriphDataAlignment=DMA_PDATAALIGN_BYTE
Dma.I2C3_TX.3.PeriphInc=DMA_PINC_DISABLE
Dma.I2C3_TX.3.Priority=DMA_PRIORITY_HIGH
Dma.I2C3_TX.3.RequestParameters=Instance,Direction,PeriphInc,MemInc,PeriphDataAlignment,MemDataAlignment,Mode,Priority,FIFOMode
Dma.Request0=I2C2_RX
Dma.Request1=I2C2_TX
Dma.Request2=I2C3_RX
Dma.Request3=I2C3_TX
Dma.Request4=USART3_RX
Dma.Request5=USART6_RX
Dma.Request6=USART6_TX
Dma.RequestsNb=7
Dma.USART3_RX.4.Direction=DMA_PERIPH_TO_MEMORY
Dma.USART3_RX.4.FIFOMode=DMA_FIFOMODE_DISABLE
Dma.USART3_RX.4.Instance=DMA1_Stream1
Dma.USART3_RX.4.MemDataAlignment=DMA_MDATAALIGN_BYTE
Dma.USART3_RX.4.MemInc=DMA_MINC_ENABLE
Dma.USART3_RX.4.Mode=DMA_NORMAL
Dma.USART3_RX.4.PeriphDataAlignment=DMA_PDATAALIGN_BYTE
Dma.USART3_RX.4.PeriphInc=DMA_PINC_DISABLE
Dma.USART3_RX.4.Priority=DMA_PRIORITY_MEDIUM
Dma.USART3_RX.4.RequestParameters=Instance,Direction,PeriphInc,MemInc,PeriphDataAlignment,MemDataAlignment,Mode,Priority,FIFOMode
Dma.USART6_RX.5.Direction=DMA_PERIPH_TO_MEMORY
Dma.USART6_RX.5.FIFOMode=DMA_FIFOMODE_DISABLE
Dma.USART6_RX.5.Instance=DMA2_Stream1
Dma.USART6_RX.5.MemDataAlignment=DMA_MDATAALIGN_BYTE
Dma.USART6_RX.5.MemInc=DMA_MINC_ENABLE
Dma.USART6_RX.5.Mode=DMA_NORMAL
Dma.USART6_RX.5.PeriphDataAlignment=DMA_PDATAALIGN_BYTE
Dma.USART6_RX.5.PeriphInc=DMA_PINC_DISABLE
Dma.USART6_RX.5.Priority=DMA_PRIORITY_MEDIUM
Dma.USART6_RX.5.RequestParameters=Instance,Direction,PeriphInc,MemInc,PeriphDataAlignment,MemDataAlignment,Mode,Priority,FIFOMode
Dma.USART6_TX.6.Direction=DMA_MEMORY_TO_PERIPH
Dma.USART6_TX.6.FIFOMode=DMA_FIFOMODE_DISABLE
Dma.USART6_TX.6.Instance=DMA2_Stream6
Dma.USART6_TX.6.MemDataAlignment=DMA_MDATAALIGN_BYTE
Dma.USART6_TX.6.MemInc=DMA_MINC_ENABLE
Dma.USART6_TX.6.Mode=DMA_NORMAL
Dma.USART6_TX.6.PeriphDataAlignment=DMA_PDATAALIGN_BYTE
Dma.USART6_TX.6.PeriphInc=DMA_PINC_DISABLE
Dma.USART6_TX.6.Priority=DMA_PRIORITY_MEDIUM
Dma.USART6_TX.6.RequestParameters=Instance,Direction,PeriphInc,MemInc,PeriphDataAlignment,MemDataAlignment,Mode,Priority,FIFOMode
File.Version=6
I2C2.I2C_Mode=I2C_Fast
I2C2.IPParameters=I2C_Mode
I2C3.I2C_Mode=I2C_Standard
I2C3.IPParameters=I2C_Mode
KeepUserPlacement=true
Mcu.Family=STM32F4
Mcu.IP0=ADC1
Mcu.IP1=DMA
Mcu.IP10=TIM6
Mcu.IP11=TIM7
Mcu.IP12=USART3
Mcu.IP13=USART6
Mcu.IP2=I2C2
Mcu.IP3=I2C3
Mcu.IP4=NVIC
Mcu.IP5=RCC
Mcu.IP6=SYS
Mcu.IP7=TIM2
Mcu.IP8=TIM3
Mcu.IP9=TIM4
Mcu.IPNb=14
Mcu.Name=STM32F407V(E-G)Tx
Mcu.Package=LQFP100
Mcu.Pin0=PC14-OSC32_IN
Mcu.Pin1=PC15-OSC32_OUT
Mcu.Pin10=PA6
Mcu.Pin11=PA7
Mcu.Pin12=PB0
Mcu.Pin13=PB2
Mcu.Pin14=PE7
Mcu.Pin15=PE8
Mcu.Pin16=PE9
Mcu.Pin17=PE10
Mcu.Pin18=PE11
Mcu.Pin19=PE12
Mcu.Pin2=PH0-OSC_IN
Mcu.Pin20=PE13
Mcu.Pin21=PE14
Mcu.Pin22=PE15
Mcu.Pin23=PB10
Mcu.Pin24=PB11
Mcu.Pin25=PB12
Mcu.Pin26=PB15
Mcu.Pin27=PD8
Mcu.Pin28=PD9
Mcu.Pin29=PD12
Mcu.Pin3=PH1-OSC_OUT
Mcu.Pin30=PD13
Mcu.Pin31=PD14
Mcu.Pin32=PD15
Mcu.Pin33=PC6
Mcu.Pin34=PC7
Mcu.Pin35=PC8
Mcu.Pin36=PC9
Mcu.Pin37=PA8
Mcu.Pin38=PA9
Mcu.Pin39=PA10
Mcu.Pin4=PC0
Mcu.Pin40=PA11
Mcu.Pin41=PA12
Mcu.Pin42=PA13
Mcu.Pin43=PA14
Mcu.Pin44=PD5
Mcu.Pin45=PB3
Mcu.Pin46=PB6
Mcu.Pin47=PB7
Mcu.Pin48=PB8
Mcu.Pin49=VP_SYS_VS_Systick
Mcu.Pin5=PA0-WKUP
Mcu.Pin50=VP_TIM2_VS_ClockSourceINT
Mcu.Pin51=VP_TIM3_VS_ClockSourceINT
Mcu.Pin52=VP_TIM4_VS_ClockSourceINT
Mcu.Pin53=VP_TIM6_VS_ClockSourceINT
Mcu.Pin54=VP_TIM7_VS_ClockSourceINT
Mcu.Pin6=PA1
Mcu.Pin7=PA2
Mcu.Pin8=PA3
Mcu.Pin9=PA5
Mcu.PinsNb=55
Mcu.UserConstants=
Mcu.UserName=STM32F407VGTx
MxCube.Version=4.14.0
MxDb.Version=DB.4.0.140
NVIC.ADC_IRQn=true\:11\:0\:true\:false\:true
NVIC.BusFault_IRQn=true\:0\:0\:false\:false\:true
NVIC.DMA1_Stream1_IRQn=true\:5\:0\:true\:false\:true
NVIC.DMA1_Stream2_IRQn=true\:8\:0\:true\:false\:true
NVIC.DMA1_Stream3_IRQn=true\:2\:0\:true\:false\:true
NVIC.DMA1_Stream4_IRQn=true\:9\:0\:true\:false\:true
NVIC.DMA1_Stream7_IRQn=true\:3\:0\:true\:false\:true
NVIC.DMA2_Stream1_IRQn=true\:5\:0\:true\:false\:true
NVIC.DMA2_Stream6_IRQn=true\:5\:0\:true\:false\:true
NVIC.DebugMonitor_IRQn=true\:0\:0\:false\:false\:true
NVIC.HardFault_IRQn=true\:0\:0\:false\:false\:true
NVIC.I2C2_ER_IRQn=true\:0\:0\:true\:false\:true
NVIC.I2C2_EV_IRQn=true\:1\:0\:true\:false\:true
NVIC.I2C3_ER_IRQn=true\:6\:0\:true\:false\:true
NVIC.I2C3_EV_IRQn=true\:7\:0\:true\:false\:true
NVIC.MemoryManagement_IRQn=true\:0\:0\:false\:false\:true
NVIC.NonMaskableInt_IRQn=true\:0\:0\:false\:false\:true
NVIC.PriorityGroup=NVIC_PRIORITYGROUP_4
NVIC.RCC_IRQn=true\:0\:0\:true\:false\:true
NVIC.SysTick_IRQn=true\:0\:0\:true\:false\:true
NVIC.TIM6_DAC_IRQn=true\:6\:0\:true\:false\:true
NVIC.TIM7_IRQn=true\:10\:0\:true\:false\:true
NVIC.USART3_IRQn=true\:4\:0\:true\:false\:true
NVIC.USART6_IRQn=true\:4\:0\:true\:false\:true
NVIC.UsageFault_IRQn=true\:0\:0\:false\:false\:true
PA0-WKUP.GPIOParameters=GPIO_PuPd,GPIO_Label,GPIO_ModeDefaultEXTI
PA0-WKUP.GPIO_Label=B1 [Blue PushButton]
PA0-WKUP.GPIO_ModeDefaultEXTI=GPIO_MODE_EVT_RISING
PA0-WKUP.GPIO_PuPd=GPIO_NOPULL
PA0-WKUP.Locked=true
PA0-WKUP.Signal=GPXTI0
PA1.GPIOParameters=GPIO_Label
PA1.GPIO_Label=First Driver IN_R
PA1.Locked=true
PA1.Signal=S_TIM2_CH2
PA10.GPIOParameters=GPIO_Speed,GPIO_PuPd,GPIO_Label,GPIO_Mode
PA10.GPIO_Label=OTG_FS_ID
PA10.GPIO_Mode=GPIO_MODE_AF_PP
PA10.GPIO_PuPd=GPIO_NOPULL
PA10.GPIO_Speed=GPIO_SPEED_FREQ_LOW
PA10.Locked=true
PA10.Signal=USB_OTG_FS_ID
PA11.GPIOParameters=GPIO_Speed,GPIO_PuPd,GPIO_Label,GPIO_Mode
PA11.GPIO_Label=OTG_FS_DM
PA11.GPIO_Mode=GPIO_MODE_AF_PP
PA11.GPIO_PuPd=GPIO_NOPULL
PA11.GPIO_Speed=GPIO_SPEED_FREQ_LOW
PA11.Locked=true
PA11.Signal=USB_OTG_FS_DM
PA12.GPIOParameters=GPIO_Speed,GPIO_PuPd,GPIO_Label,GPIO_Mode
PA12.GPIO_Label=OTG_FS_DP
PA12.GPIO_Mode=GPIO_MODE_AF_PP
PA12.GPIO_PuPd=GPIO_NOPULL
PA12.GPIO_Speed=GPIO_SPEED_FREQ_LOW
PA12.Locked=true
PA12.Signal=USB_OTG_FS_DP
PA13.GPIOParameters=GPIO_Label
PA13.GPIO_Label=SWDIO
PA13.Locked=true
PA13.Signal=SYS_JTMS-SWDIO
PA14.GPIOParameters=GPIO_Label
PA14.GPIO_Label=SWCLK
PA14.Locked=true
PA14.Signal=SYS_JTCK-SWCLK
PA2.GPIOParameters=GPIO_Label
PA2.GPIO_Label=First Driver IN_S
PA2.Locked=true
PA2.Signal=S_TIM2_CH3
PA3.GPIOParameters=GPIO_Label
PA3.GPIO_Label=Battery Sense
PA3.Locked=true
PA3.Signal=ADCx_IN3
PA5.GPIOParameters=GPIO_Label
PA5.GPIO_Label=First Driver IN_T
PA5.Locked=true
PA5.Signal=S_TIM2_CH1_ETR
PA6.GPIOParameters=GPIO_Label
PA6.GPIO_Label=Second Driver IN_R
PA6.Locked=true
PA6.Signal=S_TIM3_CH1
PA7.GPIOParameters=GPIO_Label
PA7.GPIO_Label=Second Driver IN_S
PA7.Locked=true
PA7.Signal=S_TIM3_CH2
PA8.GPIOParameters=GPIO_Label
PA8.GPIO_Label=BNO055 SCL
PA8.Locked=true
PA8.Mode=I2C
PA8.Signal=I2C3_SCL
PA9.GPIOParameters=GPIO_PuPd,GPIO_Label,GPIO_Mode
PA9.GPIO_Label=VBUS_FS
PA9.GPIO_Mode=GPIO_MODE_INPUT
PA9.GPIO_PuPd=GPIO_NOPULL
PA9.Locked=true
PA9.Signal=USB_OTG_FS_VBUS
PB0.GPIOParameters=GPIO_Label
PB0.GPIO_Label=Second Driver IN_T
PB0.Locked=true
PB0.Signal=S_TIM3_CH3
PB10.GPIOParameters=GPIO_Label
PB10.GPIO_Label=AS5048B_BUS_SCLK
PB10.Locked=true
PB10.Mode=I2C
PB10.Signal=I2C2_SCL
PB11.GPIOParameters=GPIO_Label
PB11.GPIO_Label=AS5048B_BUS_SDA
PB11.Locked=true
PB11.Mode=I2C
PB11.Signal=I2C2_SDA
PB12.GPIOParameters=PinState,GPIO_Label
PB12.GPIO_Label=AS504BB_BUS_POWER
PB12.Locked=true
PB12.PinState=GPIO_PIN_SET
PB12.Signal=GPIO_Output
PB15.GPIOParameters=PinState,GPIO_Label
PB15.GPIO_Label=HM-11 nRESET
PB15.Locked=true
PB15.PinState=GPIO_PIN_SET
PB15.Signal=GPIO_Output
PB2.GPIOParameters=GPIO_PuPd,GPIO_Label,GPIO_Mode
PB2.GPIO_Label=BOOT1
PB2.GPIO_Mode=GPIO_MODE_INPUT
PB2.GPIO_PuPd=GPIO_NOPULL
PB2.Locked=true
PB2.Signal=GPIO_Input
PB3.GPIOParameters=GPIO_Label
PB3.GPIO_Label=SWO
PB3.Locked=true
PB3.Signal=SYS_JTDO-SWO
PB6.GPIOParameters=GPIO_Label
PB6.GPIO_Label=Third Driver IN_R
PB6.Locked=true
PB6.Signal=S_TIM4_CH1
PB7.GPIOParameters=GPIO_Label
PB7.GPIO_Label=Third Driver IN_S
PB7.Locked=true
PB7.Signal=S_TIM4_CH2
PB8.GPIOParameters=GPIO_Label
PB8.GPIO_Label=Third Driver IN_T
PB8.Locked=true
PB8.Signal=S_TIM4_CH3
PC0.GPIOParameters=GPIO_Speed,GPIO_PuPd,GPIO_Label
PC0.GPIO_Label=OTG_FS_PowerSwitchOn
PC0.GPIO_PuPd=GPIO_NOPULL
PC0.GPIO_Speed=GPIO_SPEED_FREQ_LOW
PC0.Locked=true
PC0.Signal=GPIO_Output
PC14-OSC32_IN.GPIOParameters=GPIO_Label
PC14-OSC32_IN.GPIO_Label=PC14-OSC32_IN
PC14-OSC32_IN.Locked=true
PC14-OSC32_IN.Mode=LSE-External-Oscillator
PC14-OSC32_IN.Signal=RCC_OSC32_IN
PC15-OSC32_OUT.GPIOParameters=GPIO_Label
PC15-OSC32_OUT.GPIO_Label=PC15-OSC32_OUT
PC15-OSC32_OUT.Locked=true
PC15-OSC32_OUT.Mode=LSE-External-Oscillator
PC15-OSC32_OUT.Signal=RCC_OSC32_OUT
PC6.GPIOParameters=GPIO_Label
PC6.GPIO_Label=HM-11-2 RX
PC6.Locked=true
PC6.Mode=Asynchronous
PC6.Signal=USART6_TX
PC7.GPIOParameters=GPIO_Label
PC7.GPIO_Label=HM-11-2 TX
PC7.Locked=true
PC7.Mode=Asynchronous
PC7.Signal=USART6_RX
PC8.GPIOParameters=PinState,GPIO_Label
PC8.GPIO_Label=BNO055 nRESET
PC8.Locked=true
PC8.PinState=GPIO_PIN_SET
PC8.Signal=GPIO_Output
PC9.GPIOParameters=GPIO_Label
PC9.GPIO_Label=BNO055 SDA
PC9.Locked=true
PC9.Mode=I2C
PC9.Signal=I2C3_SDA
PCC.Checker=false
PCC.Line=STM32F407/417
PCC.MCU=STM32F407V(E-G)Tx
PCC.MXVersion=4.15.1
PCC.PartNumber=STM32F407VGTx
PCC.Seq0=0
PCC.Series=STM32F4
PCC.Temperature=25
PCC.Vdd=3.3
PD12.GPIOParameters=GPIO_Speed,GPIO_PuPd,GPIO_Label
PD12.GPIO_Label=LD4 [Green Led]
PD12.GPIO_PuPd=GPIO_NOPULL
PD12.GPIO_Speed=GPIO_SPEED_FREQ_LOW
PD12.Locked=true
PD12.Signal=GPIO_Output
PD13.GPIOParameters=GPIO_Speed,GPIO_PuPd,GPIO_Label
PD13.GPIO_Label=LD3 [Orange Led]
PD13.GPIO_PuPd=GPIO_NOPULL
PD13.GPIO_Speed=GPIO_SPEED_FREQ_LOW
PD13.Locked=true
PD13.Signal=GPIO_Output
PD14.GPIOParameters=GPIO_Speed,GPIO_PuPd,GPIO_Label
PD14.GPIO_Label=LD5 [Red Led]
PD14.GPIO_PuPd=GPIO_NOPULL
PD14.GPIO_Speed=GPIO_SPEED_FREQ_LOW
PD14.Locked=true
PD14.Signal=GPIO_Output
PD15.GPIOParameters=GPIO_Speed,GPIO_PuPd,GPIO_Label
PD15.GPIO_Label=LD6 [Blue Led]
PD15.GPIO_PuPd=GPIO_NOPULL
PD15.GPIO_Speed=GPIO_SPEED_FREQ_LOW
PD15.Locked=true
PD15.Signal=GPIO_Output
PD5.GPIOParameters=GPIO_PuPd,GPIO_Label,GPIO_Mode
PD5.GPIO_Label=OTG_FS_OverCurrent
PD5.GPIO_Mode=GPIO_MODE_INPUT
PD5.GPIO_PuPd=GPIO_NOPULL
PD5.Locked=true
PD5.Signal=GPIO_Input
PD8.GPIOParameters=GPIO_Label
PD8.GPIO_Label=HM-11 RX
PD8.Locked=true
PD8.Mode=Asynchronous
PD8.Signal=USART3_TX
PD9.GPIOParameters=GPIO_Label
PD9.GPIO_Label=HM-11 TX
PD9.Locked=true
PD9.Mode=Asynchronous
PD9.Signal=USART3_RX
PE10.GPIOParameters=GPIO_PuPd,GPIO_Label
PE10.GPIO_Label=Second Driver nFAULT
PE10.GPIO_PuPd=GPIO_PULLUP
PE10.Locked=true
PE10.Signal=GPIO_Input
PE11.GPIOParameters=GPIO_Label
PE11.GPIO_Label=Second Driver nRESET
PE11.Locked=true
PE11.Signal=GPIO_Output
PE12.GPIOParameters=GPIO_Label
PE12.GPIO_Label=Second Driver nSLEEP
PE12.Locked=true
PE12.Signal=GPIO_Output
PE13.GPIOParameters=GPIO_PuPd,GPIO_Label
PE13.GPIO_Label=Third Driver nFAULT
PE13.GPIO_PuPd=GPIO_PULLUP
PE13.Locked=true
PE13.Signal=GPIO_Input
PE14.GPIOParameters=GPIO_Label
PE14.GPIO_Label=Third Driver nRESET
PE14.Locked=true
PE14.Signal=GPIO_Output
PE15.GPIOParameters=GPIO_Label
PE15.GPIO_Label=Third Driver nSLEEP
PE15.Locked=true
PE15.Signal=GPIO_Output
PE7.GPIOParameters=GPIO_PuPd,GPIO_Label
PE7.GPIO_Label=First Driver nFAULT
PE7.GPIO_PuPd=GPIO_PULLUP
PE7.Locked=true
PE7.Signal=GPIO_Input
PE8.GPIOParameters=GPIO_Label
PE8.GPIO_Label=First Driver nRESET
PE8.Locked=true
PE8.Signal=GPIO_Output
PE9.GPIOParameters=GPIO_Label
PE9.GPIO_Label=First Driver nSLEEP
PE9.Locked=true
PE9.Signal=GPIO_Output
PH0-OSC_IN.GPIOParameters=GPIO_Label
PH0-OSC_IN.GPIO_Label=PH0-OSC_IN
PH0-OSC_IN.Locked=true
PH0-OSC_IN.Mode=HSE-External-Oscillator
PH0-OSC_IN.Signal=RCC_OSC_IN
PH1-OSC_OUT.GPIOParameters=GPIO_Label
PH1-OSC_OUT.GPIO_Label=PH1-OSC_OUT
PH1-OSC_OUT.Locked=true
PH1-OSC_OUT.Mode=HSE-External-Oscillator
PH1-OSC_OUT.Signal=RCC_OSC_OUT
ProjectManager.AskForMigrate=false
ProjectManager.BackupPrevious=false
ProjectManager.CompilerOptimize=2
ProjectManager.ComputerToolchain=false
ProjectManager.CoupleFile=false
ProjectManager.DeletePrevious=true
ProjectManager.DeviceId=STM32F407VGTx
ProjectManager.FirmwarePackage=STM32Cube FW_F4 V1.11.0
ProjectManager.FreePins=true
ProjectManager.HalAssertFull=true
ProjectManager.HeapSize=0x400
ProjectManager.KeepUserCode=true
ProjectManager.LastFirmware=true
ProjectManager.LibraryCopy=1
ProjectManager.PreviousToolchain=
ProjectManager.ProjectBuild=false
ProjectManager.ProjectFileName=Lead Angle Firmware.ioc
ProjectManager.ProjectName=Lead Angle Firmware
ProjectManager.StackSize=0x200
ProjectManager.TargetToolchain=EWARM
ProjectManager.ToolChainLocation=C\:\\Users\\Medialab\\Desktop\\GitHub\\Lead Angle Project\\Lead Angle Firmware
ProjectManager.UnderRoot=false
ProjectManager.functionlistsort=1-MX_GPIO_Init-GPIO-false,2-MX_DMA_Init-DMA-false,3-MX_I2C2_Init-I2C2-false,4-MX_TIM2_Init-TIM2-false,5-MX_TIM3_Init-TIM3-false,6-MX_TIM4_Init-TIM4-false,7-MX_USART3_UART_Init-USART3-false,8-MX_ADC1_Init-ADC1-false,9-MX_I2C3_Init-I2C3-false,10-MX_TIM6_Init-TIM6-false,11-MX_TIM7_Init-TIM7-false,12-MX_USART6_UART_Init-USART6-false
RCC.48MHZClocksFreq_Value=48000000
RCC.AHBFreq_Value=168000000
RCC.APB1CLKDivider=RCC_HCLK_DIV4
RCC.APB1Freq_Value=42000000
RCC.APB1TimFreq_Value=84000000
RCC.APB2CLKDivider=RCC_HCLK_DIV2
RCC.APB2Freq_Value=84000000
RCC.APB2TimFreq_Value=168000000
RCC.CortexFreq_Value=168000000
RCC.EnbaleCSS=true
RCC.EthernetFreq_Value=168000000
RCC.FCLKCortexFreq_Value=168000000
RCC.FamilyName=M
RCC.HCLKFreq_Value=168000000
RCC.HSE_VALUE=8000000
RCC.HSI_VALUE=16000000
RCC.I2SClocksFreq_Value=96000000
RCC.IPParameters=48MHZClocksFreq_Value,AHBFreq_Value,APB1CLKDivider,APB1Freq_Value,APB1TimFreq_Value,APB2CLKDivider,APB2Freq_Value,APB2TimFreq_Value,CortexFreq_Value,EnbaleCSS,EthernetFreq_Value,FCLKCortexFreq_Value,FamilyName,HCLKFreq_Value,HSE_VALUE,HSI_VALUE,I2SClocksFreq_Value,LSI_VALUE,MCO2PinFreq_Value,PLLCLKFreq_Value,PLLM,PLLN,PLLQ,PLLQCLKFreq_Value,PLLSourceVirtual,RTCFreq_Value,RTCHSEDivFreq_Value,SYSCLKFreq_VALUE,SYSCLKSource,VCOI2SOutputFreq_Value,VCOInputFreq_Value,VCOOutputFreq_Value,VDD_VALUE,VcooutputI2S
RCC.LSI_VALUE=32000
RCC.MCO2PinFreq_Value=168000000
RCC.PLLCLKFreq_Value=168000000
RCC.PLLM=8
RCC.PLLN=336
RCC.PLLQ=7
RCC.PLLQCLKFreq_Value=48000000
RCC.PLLSourceVirtual=RCC_PLLSOURCE_HSE
RCC.RTCFreq_Value=32000
RCC.RTCHSEDivFreq_Value=4000000
RCC.SYSCLKFreq_VALUE=168000000
RCC.SYSCLKSource=RCC_SYSCLKSOURCE_PLLCLK
RCC.VCOI2SOutputFreq_Value=192000000
RCC.VCOInputFreq_Value=1000000
RCC.VCOOutputFreq_Value=336000000
RCC.VDD_VALUE=3.3
RCC.VcooutputI2S=96000000
SH.ADCx_IN3.0=ADC1_IN3,IN3
SH.ADCx_IN3.ConfNb=1
SH.GPXTI0.0=GPIO_EXTI0
SH.GPXTI0.ConfNb=1
SH.S_TIM2_CH1_ETR.0=TIM2_CH1,PWM Generation1 CH1
SH.S_TIM2_CH1_ETR.ConfNb=1
SH.S_TIM2_CH2.0=TIM2_CH2,PWM Generation2 CH2
SH.S_TIM2_CH2.ConfNb=1
SH.S_TIM2_CH3.0=TIM2_CH3,PWM Generation3 CH3
SH.S_TIM2_CH3.ConfNb=1
SH.S_TIM3_CH1.0=TIM3_CH1,PWM Generation1 CH1
SH.S_TIM3_CH1.ConfNb=1
SH.S_TIM3_CH2.0=TIM3_CH2,PWM Generation2 CH2
SH.S_TIM3_CH2.ConfNb=1
SH.S_TIM3_CH3.0=TIM3_CH3,PWM Generation3 CH3
SH.S_TIM3_CH3.ConfNb=1
SH.S_TIM4_CH1.0=TIM4_CH1,PWM Generation1 CH1
SH.S_TIM4_CH1.ConfNb=1
SH.S_TIM4_CH2.0=TIM4_CH2,PWM Generation2 CH2
SH.S_TIM4_CH2.ConfNb=1
SH.S_TIM4_CH3.0=TIM4_CH3,PWM Generation3 CH3
SH.S_TIM4_CH3.ConfNb=1
TIM2.Channel-PWM\ Generation2\ CH2=TIM_CHANNEL_2
TIM2.Channel-PWM\ Generation3\ CH3=TIM_CHANNEL_3
TIM2.IPParameters=Channel-PWM Generation2 CH2,Channel-PWM Generation3 CH3,Period,OCPolarity_1,OCPolarity_2,OCMode_PWM-PWM Generation2 CH2,OCMode_PWM-PWM Generation1 CH1,OCMode_PWM-PWM Generation3 CH3,OCPolarity_3
TIM2.OCMode_PWM-PWM\ Generation1\ CH1=TIM_OCMODE_PWM2
TIM2.OCMode_PWM-PWM\ Generation2\ CH2=TIM_OCMODE_PWM2
TIM2.OCMode_PWM-PWM\ Generation3\ CH3=TIM_OCMODE_PWM2
TIM2.OCPolarity_1=TIM_OCPOLARITY_LOW
TIM2.OCPolarity_2=TIM_OCPOLARITY_LOW
TIM2.OCPolarity_3=TIM_OCPOLARITY_LOW
TIM2.Period=4200
TIM3.Channel-PWM\ Generation2\ CH2=TIM_CHANNEL_2
TIM3.Channel-PWM\ Generation3\ CH3=TIM_CHANNEL_3
TIM3.IPParameters=Channel-PWM Generation2 CH2,Channel-PWM Generation3 CH3,Period,OCMode_PWM-PWM Generation1 CH1,OCPolarity_1,OCMode_PWM-PWM Generation2 CH2,OCPolarity_2
TIM3.OCMode_PWM-PWM\ Generation1\ CH1=TIM_OCMODE_PWM2
TIM3.OCMode_PWM-PWM\ Generation2\ CH2=TIM_OCMODE_PWM2
TIM3.OCPolarity_1=TIM_OCPOLARITY_LOW
TIM3.OCPolarity_2=TIM_OCPOLARITY_LOW
TIM3.Period=4200
TIM4.Channel-PWM\ Generation2\ CH2=TIM_CHANNEL_2
TIM4.Channel-PWM\ Generation3\ CH3=TIM_CHANNEL_3
TIM4.IPParameters=Channel-PWM Generation2 CH2,Channel-PWM Generation3 CH3,Period,OCPolarity_1,OCMode_PWM-PWM Generation1 CH1,OCPolarity_2,OCMode_PWM-PWM Generation2 CH2
TIM4.OCMode_PWM-PWM\ Generation1\ CH1=TIM_OCMODE_PWM2
TIM4.OCMode_PWM-PWM\ Generation2\ CH2=TIM_OCMODE_PWM2
TIM4.OCPolarity_1=TIM_OCPOLARITY_LOW
TIM4.OCPolarity_2=TIM_OCPOLARITY_LOW
TIM4.Period=4200
TIM6.IPParameters=Prescaler,Period
TIM6.Period=1000
TIM6.Prescaler=83
TIM7.IPParameters=Prescaler,Period
TIM7.Period=10000
TIM7.Prescaler=83
USART3.BaudRate=9600
USART3.IPParameters=BaudRate
USART6.BaudRate=9600
USART6.IPParameters=BaudRate
VP_SYS_VS_Systick.Mode=SysTick
VP_SYS_VS_Systick.Signal=SYS_VS_Systick
VP_TIM2_VS_ClockSourceINT.Mode=Internal
VP_TIM2_VS_ClockSourceINT.Signal=TIM2_VS_ClockSourceINT
VP_TIM3_VS_ClockSourceINT.Mode=Internal
VP_TIM3_VS_ClockSourceINT.Signal=TIM3_VS_ClockSourceINT
VP_TIM4_VS_ClockSourceINT.Mode=Internal
VP_TIM4_VS_ClockSourceINT.Signal=TIM4_VS_ClockSourceINT
VP_TIM6_VS_ClockSourceINT.Mode=Enable_Timer
VP_TIM6_VS_ClockSourceINT.Signal=TIM6_VS_ClockSourceINT
VP_TIM7_VS_ClockSourceINT.Mode=Enable_Timer
VP_TIM7_VS_ClockSourceINT.Signal=TIM7_VS_ClockSourceINT
board=STM32F4DISCOVERY
boardIOC=true
